
Microsoft Visual Studio Solution File, Format Version 12.00
# Visual Studio 15
VisualStudioVersion = 15.0.27004.2005
MinimumVisualStudioVersion = 10.0.40219.1
Project("{FAE04EC0-301F-11D3-BF4B-00C04F79EFBC}") = "GeneticAlghorithm.ConsoleApp", "GeneticAlghorithm.ConsoleApp\GeneticAlghorithm.ConsoleApp.csproj", "{6ED74D81-B880-4A70-864B-9E4A294DAD5A}"
EndProject
Project("{FAE04EC0-301F-11D3-BF4B-00C04F79EFBC}") = "GeneticAlghorithm.Lib", "GeneticAlghorithm.Lib\GeneticAlghorithm.Lib.csproj", "{50815B6E-7E37-4C47-A53F-7070DFAE2233}"
EndProject
Global
	GlobalSection(SolutionConfigurationPlatforms) = preSolution
		Debug|Any CPU = Debug|Any CPU
		Release|Any CPU = Release|Any CPU
	EndGlobalSection
	GlobalSection(ProjectConfigurationPlatforms) = postSolution
		{6ED74D81-B880-4A70-864B-9E4A294DAD5A}.Debug|Any CPU.ActiveCfg = Debug|Any CPU
		{6ED74D81-B880-4A70-864B-9E4A294DAD5A}.Debug|Any CPU.Build.0 = Debug|Any CPU
		{6ED74D81-B880-4A70-864B-9E4A294DAD5A}.Release|Any CPU.ActiveCfg = Release|Any CPU
		{6ED74D81-B880-4A70-864B-9E4A294DAD5A}.Release|Any CPU.Build.0 = Release|Any CPU
		{50815B6E-7E37-4C47-A53F-7070DFAE2233}.Debug|Any CPU.ActiveCfg = Debug|Any CPU
		{50815B6E-7E37-4C47-A53F-7070DFAE2233}.Debug|Any CPU.Build.0 = Debug|Any CPU
		{50815B6E-7E37-4C47-A53F-7070DFAE2233}.Release|Any CPU.ActiveCfg = Release|Any CPU
		{50815B6E-7E37-4C47-A53F-7070DFAE2233}.Release|Any CPU.Build.0 = Release|Any CPU
	EndGlobalSection
	GlobalSection(SolutionProperties) = preSolution
		HideSolutionNode = FALSE
	EndGlobalSection
	GlobalSection(ExtensibilityGlobals) = postSolution
		SolutionGuid = {98AEA699-914D-445C-8C4A-D4C9B0D8AD12}
	EndGlobalSection
EndGlobal
